
Microsoft Visual Studio Solution File, Format Version 11.00
# Visual Studio 2010
Project("{FAE04EC0-301F-11D3-BF4B-00C04F79EFBC}") = "Spring_Web_3", "Spring_Web_3\Spring_Web_3.csproj", "{91B41C7A-8DEA-485F-B6BB-9C0174EDDF11}"
EndProject
Project("{FAE04EC0-301F-11D3-BF4B-00C04F79EFBC}") = "Forbetter.Dao", "ForBetter.Dao\Forbetter.Dao.csproj", "{DD02DFCF-6013-468A-9E33-788321E1AE53}"
EndProject
Project("{FAE04EC0-301F-11D3-BF4B-00C04F79EFBC}") = "Forbetter.Domain", "ForBetter.Domain\Forbetter.Domain.csproj", "{5F0F5964-7932-4C0F-B459-A028A5C0E460}"
EndProject
Project("{FAE04EC0-301F-11D3-BF4B-00C04F79EFBC}") = "Forbetter.Service", "ForBetter.Service\Forbetter.Service.csproj", "{D333C668-D15B-40DB-B37A-8C3A420D340E}"
EndProject
Global
	GlobalSection(SolutionConfigurationPlatforms) = preSolution
		Debug|Any CPU = Debug|Any CPU
		Release|Any CPU = Release|Any CPU
	EndGlobalSection
	GlobalSection(ProjectConfigurationPlatforms) = postSolution
		{91B41C7A-8DEA-485F-B6BB-9C0174EDDF11}.Debug|Any CPU.ActiveCfg = Debug|Any CPU
		{91B41C7A-8DEA-485F-B6BB-9C0174EDDF11}.Debug|Any CPU.Build.0 = Debug|Any CPU
		{91B41C7A-8DEA-485F-B6BB-9C0174EDDF11}.Release|Any CPU.ActiveCfg = Release|Any CPU
		{91B41C7A-8DEA-485F-B6BB-9C0174EDDF11}.Release|Any CPU.Build.0 = Release|Any CPU
		{DD02DFCF-6013-468A-9E33-788321E1AE53}.Debug|Any CPU.ActiveCfg = Debug|Any CPU
		{DD02DFCF-6013-468A-9E33-788321E1AE53}.Debug|Any CPU.Build.0 = Debug|Any CPU
		{DD02DFCF-6013-468A-9E33-788321E1AE53}.Release|Any CPU.ActiveCfg = Release|Any CPU
		{DD02DFCF-6013-468A-9E33-788321E1AE53}.Release|Any CPU.Build.0 = Release|Any CPU
		{5F0F5964-7932-4C0F-B459-A028A5C0E460}.Debug|Any CPU.ActiveCfg = Debug|Any CPU
		{5F0F5964-7932-4C0F-B459-A028A5C0E460}.Debug|Any CPU.Build.0 = Debug|Any CPU
		{5F0F5964-7932-4C0F-B459-A028A5C0E460}.Release|Any CPU.ActiveCfg = Release|Any CPU
		{5F0F5964-7932-4C0F-B459-A028A5C0E460}.Release|Any CPU.Build.0 = Release|Any CPU
		{D333C668-D15B-40DB-B37A-8C3A420D340E}.Debug|Any CPU.ActiveCfg = Debug|Any CPU
		{D333C668-D15B-40DB-B37A-8C3A420D340E}.Debug|Any CPU.Build.0 = Debug|Any CPU
		{D333C668-D15B-40DB-B37A-8C3A420D340E}.Release|Any CPU.ActiveCfg = Release|Any CPU
		{D333C668-D15B-40DB-B37A-8C3A420D340E}.Release|Any CPU.Build.0 = Release|Any CPU
	EndGlobalSection
	GlobalSection(SolutionProperties) = preSolution
		HideSolutionNode = FALSE
	EndGlobalSection
EndGlobal
